PODS:
  - AFNetworking (3.1.0):
    - AFNetworking/NSURLSession (= 3.1.0)
    - AFNetworking/Reachability (= 3.1.0)
    - AFNetworking/Security (= 3.1.0)
    - AFNetworking/Serialization (= 3.1.0)
    - AFNetworking/UIKit (= 3.1.0)
  - AFNetworking/NSURLSession (3.1.0):
    - AFNetworking/Reachability
    - AFNetworking/Security
    - AFNetworking/Serialization
  - AFNetworking/Reachability (3.1.0)
  - AFNetworking/Security (3.1.0)
  - AFNetworking/Serialization (3.1.0)
  - AFNetworking/UIKit (3.1.0):
    - AFNetworking/NSURLSession
  - Aspects (1.4.1)
  - CocoaAsyncSocket (7.4.3):
    - CocoaAsyncSocket/All (= 7.4.3)
  - CocoaAsyncSocket/All (7.4.3):
    - CocoaAsyncSocket/GCD
    - CocoaAsyncSocket/RunLoop
  - CocoaAsyncSocket/GCD (7.4.3)
  - CocoaAsyncSocket/RunLoop (7.4.3)
  - CocoaLumberjack (1.9.2):
    - CocoaLumberjack/Extensions (= 1.9.2)
  - CocoaLumberjack/Core (1.9.2)
  - CocoaLumberjack/Extensions (1.9.2):
    - CocoaLumberjack/Core
  - DZNEmptyDataSet (1.8.1)
  - FMDB (2.6.2):
    - FMDB/standard (= 2.6.2)
  - FMDB/standard (2.6.2)
  - GYKit (1.0.3):
    - GYKit/Category (= 1.0.3)
    - GYKit/Foundation (= 1.0.3)
    - GYKit/Network (= 1.0.3)
    - GYKit/UIKit (= 1.0.3)
  - GYKit/Category (1.0.3):
    - DZNEmptyDataSet
    - GYKit/Network
    - JSONModel
  - GYKit/Foundation (1.0.3):
    - Aspects
    - CocoaLumberjack (= 1.9.2)
    - GYKit/Category
    - MJRefresh
    - PinYin4Objc
    - YYKit
  - GYKit/Network (1.0.3):
    - AFNetworking
  - GYKit/UIKit (1.0.3):
    - GYKit/Foundation
    - YYKit
  - IQKeyboardManager (4.0.1)
  - iRate (1.11.4)
  - iVersion (1.11.4)
  - JPFPSStatus (0.1)
  - JSONModel (1.2.0)
  - JSPatch (1.0):
    - JSPatch/Core (= 1.0)
  - JSPatch/Core (1.0)
  - Masonry (1.0.0)
  - MJExtension (3.0.10)
  - MJRefresh (3.1.9)
  - PinYin4Objc (1.1.1)
  - pop (1.0.9)
  - ProtocolBuffers (1.9.10)
  - UITableView+FDTemplateLayoutCell (1.4)
  - UMengAnalytics-NO-IDFA (4.0.5)
  - XMPPFramework (3.6.6):
    - XMPPFramework/Authentication (= 3.6.6)
    - XMPPFramework/BandwidthMonitor (= 3.6.6)
    - XMPPFramework/Categories (= 3.6.6)
    - XMPPFramework/Core (= 3.6.6)
    - XMPPFramework/CoreDataStorage (= 3.6.6)
    - XMPPFramework/GoogleSharedStatus (= 3.6.6)
    - XMPPFramework/KissXML (= 3.6.6)
    - XMPPFramework/ProcessOne (= 3.6.6)
    - XMPPFramework/Reconnect (= 3.6.6)
    - XMPPFramework/Roster (= 3.6.6)
    - XMPPFramework/SystemInputActivityMonitor (= 3.6.6)
    - XMPPFramework/Utilities (= 3.6.6)
    - XMPPFramework/XEP-0009 (= 3.6.6)
    - XMPPFramework/XEP-0012 (= 3.6.6)
    - XMPPFramework/XEP-0016 (= 3.6.6)
    - XMPPFramework/XEP-0045 (= 3.6.6)
    - XMPPFramework/XEP-0054 (= 3.6.6)
    - XMPPFramework/XEP-0059 (= 3.6.6)
    - XMPPFramework/XEP-0060 (= 3.6.6)
    - XMPPFramework/XEP-0065 (= 3.6.6)
    - XMPPFramework/XEP-0066 (= 3.6.6)
    - XMPPFramework/XEP-0082 (= 3.6.6)
    - XMPPFramework/XEP-0085 (= 3.6.6)
    - XMPPFramework/XEP-0092 (= 3.6.6)
    - XMPPFramework/XEP-0100 (= 3.6.6)
    - XMPPFramework/XEP-0106 (= 3.6.6)
    - XMPPFramework/XEP-0115 (= 3.6.6)
    - XMPPFramework/XEP-0136 (= 3.6.6)
    - XMPPFramework/XEP-0153 (= 3.6.6)
    - XMPPFramework/XEP-0172 (= 3.6.6)
    - XMPPFramework/XEP-0184 (= 3.6.6)
    - XMPPFramework/XEP-0191 (= 3.6.6)
    - XMPPFramework/XEP-0198 (= 3.6.6)
    - XMPPFramework/XEP-0199 (= 3.6.6)
    - XMPPFramework/XEP-0202 (= 3.6.6)
    - XMPPFramework/XEP-0203 (= 3.6.6)
    - XMPPFramework/XEP-0223 (= 3.6.6)
    - XMPPFramework/XEP-0224 (= 3.6.6)
    - XMPPFramework/XEP-0280 (= 3.6.6)
    - XMPPFramework/XEP-0297 (= 3.6.6)
    - XMPPFramework/XEP-0308 (= 3.6.6)
    - XMPPFramework/XEP-0333 (= 3.6.6)
    - XMPPFramework/XEP-0335 (= 3.6.6)
  - XMPPFramework/Authentication (3.6.6):
    - XMPPFramework/Core
  - XMPPFramework/BandwidthMonitor (3.6.6):
    - XMPPFramework/Core
  - XMPPFramework/Categories (3.6.6):
    - XMPPFramework/Core
  - XMPPFramework/Core (3.6.6):
    - CocoaAsyncSocket (~> 7.4.1)
    - CocoaLumberjack (~> 1.9)
    - XMPPFramework/KissXML
  - XMPPFramework/CoreDataStorage (3.6.6):
    - XMPPFramework/Core
  - XMPPFramework/GoogleSharedStatus (3.6.6):
    - XMPPFramework/Core
  - XMPPFramework/KissXML (3.6.6)
  - XMPPFramework/ProcessOne (3.6.6):
    - XMPPFramework/Core
  - XMPPFramework/Reconnect (3.6.6):
    - XMPPFramework/Core
  - XMPPFramework/Roster (3.6.6):
    - XMPPFramework/Core
    - XMPPFramework/CoreDataStorage
  - XMPPFramework/SystemInputActivityMonitor (3.6.6):
    - XMPPFramework/Core
  - XMPPFramework/Utilities (3.6.6):
    - XMPPFramework/Core
  - XMPPFramework/XEP-0009 (3.6.6):
    - XMPPFramework/Core
  - XMPPFramework/XEP-0012 (3.6.6):
    - XMPPFramework/Core
  - XMPPFramework/XEP-0016 (3.6.6):
    - XMPPFramework/Core
  - XMPPFramework/XEP-0045 (3.6.6):
    - XMPPFramework/Core
    - XMPPFramework/CoreDataStorage
    - XMPPFramework/XEP-0203
  - XMPPFramework/XEP-0054 (3.6.6):
    - XMPPFramework/Core
    - XMPPFramework/Roster
  - XMPPFramework/XEP-0059 (3.6.6):
    - XMPPFramework/Core
  - XMPPFramework/XEP-0060 (3.6.6):
    - XMPPFramework/Core
  - XMPPFramework/XEP-0065 (3.6.6):
    - XMPPFramework/Core
  - XMPPFramework/XEP-0066 (3.6.6):
    - XMPPFramework/Core
  - XMPPFramework/XEP-0082 (3.6.6):
    - XMPPFramework/Core
  - XMPPFramework/XEP-0085 (3.6.6):
    - XMPPFramework/Core
  - XMPPFramework/XEP-0092 (3.6.6):
    - XMPPFramework/Core
  - XMPPFramework/XEP-0100 (3.6.6):
    - XMPPFramework/Core
  - XMPPFramework/XEP-0106 (3.6.6):
    - XMPPFramework/Core
  - XMPPFramework/XEP-0115 (3.6.6):
    - XMPPFramework/Core
    - XMPPFramework/CoreDataStorage
  - XMPPFramework/XEP-0136 (3.6.6):
    - XMPPFramework/CoreDataStorage
    - XMPPFramework/XEP-0085
    - XMPPFramework/XEP-0203
  - XMPPFramework/XEP-0153 (3.6.6):
    - XMPPFramework/Core
    - XMPPFramework/XEP-0054
  - XMPPFramework/XEP-0172 (3.6.6):
    - XMPPFramework/Core
  - XMPPFramework/XEP-0184 (3.6.6):
    - XMPPFramework/Core
  - XMPPFramework/XEP-0191 (3.6.6):
    - XMPPFramework/Core
  - XMPPFramework/XEP-0198 (3.6.6):
    - XMPPFramework/Core
  - XMPPFramework/XEP-0199 (3.6.6):
    - XMPPFramework/Core
  - XMPPFramework/XEP-0202 (3.6.6):
    - XMPPFramework/Core
    - XMPPFramework/XEP-0082
  - XMPPFramework/XEP-0203 (3.6.6):
    - XMPPFramework/Core
    - XMPPFramework/XEP-0082
  - XMPPFramework/XEP-0223 (3.6.6):
    - XMPPFramework/Core
  - XMPPFramework/XEP-0224 (3.6.6):
    - XMPPFramework/Core
  - XMPPFramework/XEP-0280 (3.6.6):
    - XMPPFramework/Core
  - XMPPFramework/XEP-0297 (3.6.6):
    - XMPPFramework/Core
    - XMPPFramework/XEP-0203
  - XMPPFramework/XEP-0308 (3.6.6):
    - XMPPFramework/Core
  - XMPPFramework/XEP-0333 (3.6.6):
    - XMPPFramework/Core
  - XMPPFramework/XEP-0335 (3.6.6):
    - XMPPFramework/Core
  - YYKit (1.0.7):
    - YYKit/no-arc (= 1.0.7)
  - YYKit/no-arc (1.0.7)

DEPENDENCIES:
  - AFNetworking
  - FMDB
  - GYKit (from `http://git.gyist.com/ios/GYKit.git`, tag `1.0.3`)
  - IQKeyboardManager
  - iRate
  - iVersion
  - JPFPSStatus
  - JSPatch
  - Masonry
  - MJExtension
  - pop
  - ProtocolBuffers
  - UITableView+FDTemplateLayoutCell
  - UMengAnalytics-NO-IDFA
  - XMPPFramework

EXTERNAL SOURCES:
  GYKit:
    :git: http://git.gyist.com/ios/GYKit.git
    :tag: 1.0.3

CHECKOUT OPTIONS:
  GYKit:
    :git: http://git.gyist.com/ios/GYKit.git
    :tag: 1.0.3

SPEC CHECKSUMS:
  AFNetworking: 5e0e199f73d8626b11e79750991f5d173d1f8b67
  Aspects: 7595ba96a6727a58ebcbfc954497fc5d2fdde546
  CocoaAsyncSocket: a18c75dca4b08723628a0bacca6e94803d90be91
  CocoaLumberjack: 628fca2e88ef06f7cf6817309aa405f325d9a6fa
  DZNEmptyDataSet: 9525833b9e68ac21c30253e1d3d7076cc828eaa7
  FMDB: 854a0341b4726e53276f2a8996f06f1b80f9259a
  GYKit: df1aa192b3c73a04e68806c423fc043089674a78
  IQKeyboardManager: 0c11a0cb402a621f7aa1aff506f60ab6d2388969
  iRate: 599ed07c854e0695f3c605d1b2a64c67d912acb7
  iVersion: 2b6ffe708672cb494ba3cab150a94800c2892e81
  JPFPSStatus: 4467a17488382e4c1700bd9d18c92ae581fd6305
  JSONModel: 12523685c4b623553ccf844bbbf7007624317b2c
  JSPatch: c689ea4dde17441f2f4a95d40dfedb8900c20099
  Masonry: b529bb169217897b6354d4b56b1fada6d475b13d
  MJExtension: d86aacb740c87519d20e3cca55b6fa4be6cc7548
  MJRefresh: c5f1f1653e5a1b932c90f78074f2bc86f3f9bd5e
  PinYin4Objc: 3fa9673610368330e2dfb688b1d19a35c3930a78
  pop: f667631a5108a2e60d9e8797c9b32ddaf2080bce
  ProtocolBuffers: d088180c10072b3d24a9939a6314b7b9bcc2340b
  UITableView+FDTemplateLayoutCell: 234e1582bcc4e18461af91155123bb96538ed030
  UMengAnalytics-NO-IDFA: 965a219b05475ff2a4c09a164139a27bbaa0e25b
  XMPPFramework: b06c210b0b71c08aa41a646bffd2021fa43bb43b
  YYKit: 843d1b26e20b82c695790c9a89907eaa1e99907f

PODFILE CHECKSUM: df413aae4b5783a1b7f972a02f76a69e004e93e4

COCOAPODS: 1.0.1
